
Microsoft Visual Studio Solution File, Format Version 12.00
Project("{FAE04EC0-301F-11D3-BF4B-00C04F79EFBC}") = "TaskRebuild", "TaskRebuild\TaskRebuild.csproj", "{1F14878E-7775-4863-8D02-370D47074CBF}"
EndProject
Global
	GlobalSection(SolutionConfigurationPlatforms) = preSolution
		Debug|Any CPU = Debug|Any CPU
		Release|Any CPU = Release|Any CPU
	EndGlobalSection
	GlobalSection(ProjectConfigurationPlatforms) = postSolution
		{1F14878E-7775-4863-8D02-370D47074CBF}.Debug|Any CPU.ActiveCfg = Debug|Any CPU
		{1F14878E-7775-4863-8D02-370D47074CBF}.Debug|Any CPU.Build.0 = Debug|Any CPU
		{1F14878E-7775-4863-8D02-370D47074CBF}.Release|Any CPU.ActiveCfg = Release|Any CPU
		{1F14878E-7775-4863-8D02-370D47074CBF}.Release|Any CPU.Build.0 = Release|Any CPU
	EndGlobalSection
EndGlobal
